# This file is autogenerated, do not edit; changes may be undone by the next 'dep ensure'.


[[projects]]
  name = "github.com/PaesslerAG/jsonpath"
  packages = ["."]
  revision = "463a2332efd05b647446449e6f23f4459de63784"
  version = "v0.1.0"

[solve-meta]
  analyzer-name = "dep"
  analyzer-version = 1
  inputs-digest = "88cc6916da92774c3d1cb0e8b679f9bc6827cdd5f815189c8645c7ed3f35eb23"
  solver-name = "gps-cdcl"
  solver-version = 1
